
Microsoft Visual Studio Solution File, Format Version 12.00
Project("{2150E333-8FDC-42A3-9474-1A3956D46DE8}") = "Session2", "Session2", "{FE9D6EE2-C32E-402A-9DD4-4F835807BC21}"
EndProject
Project("{FAE04EC0-301F-11D3-BF4B-00C04F79EFBC}") = "S2_Ex1", "S2_Ex1\S2_Ex1.csproj", "{811E9118-D4CB-4D0D-9E94-F47ABAE1C82A}"
EndProject
Global
	GlobalSection(SolutionConfigurationPlatforms) = preSolution
		Debug|Any CPU = Debug|Any CPU
		Release|Any CPU = Release|Any CPU
	EndGlobalSection
	GlobalSection(NestedProjects) = preSolution
		{811E9118-D4CB-4D0D-9E94-F47ABAE1C82A} = {FE9D6EE2-C32E-402A-9DD4-4F835807BC21}
	EndGlobalSection
	GlobalSection(ProjectConfigurationPlatforms) = postSolution
		{811E9118-D4CB-4D0D-9E94-F47ABAE1C82A}.Debug|Any CPU.ActiveCfg = Debug|Any CPU
		{811E9118-D4CB-4D0D-9E94-F47ABAE1C82A}.Debug|Any CPU.Build.0 = Debug|Any CPU
		{811E9118-D4CB-4D0D-9E94-F47ABAE1C82A}.Release|Any CPU.ActiveCfg = Release|Any CPU
		{811E9118-D4CB-4D0D-9E94-F47ABAE1C82A}.Release|Any CPU.Build.0 = Release|Any CPU
	EndGlobalSection
EndGlobal
